#MicroXplorer Configuration settings - do not modify
CAD.formats=
CAD.pinconfig=
CAD.provider=
CORTEX_M7.CPU_DCache=Enabled
CORTEX_M7.CPU_ICache=Enabled
CORTEX_M7.IPParameters=default_mode_Activation,CPU_ICache,CPU_DCache
CORTEX_M7.default_mode_Activation=0
File.Version=6
GPIO.groupedBy=
KeepUserPlacement=false
Mcu.CPN=STM32H723ZGT6
Mcu.Family=STM32H7
Mcu.IP0=CORTEX_M7
Mcu.IP1=DEBUG
Mcu.IP2=NVIC
Mcu.IP3=OCTOSPI1
Mcu.IP4=RCC
Mcu.IP5=SYS
Mcu.IP6=TIM2
Mcu.IPNb=7
Mcu.Name=STM32H723ZGTx
Mcu.Package=LQFP144
Mcu.Pin0=PE4
Mcu.Pin1=PF6
Mcu.Pin10=PD4
Mcu.Pin11=PD5
Mcu.Pin12=PD6
Mcu.Pin13=PG14
Mcu.Pin14=PB4(NJTRST)
Mcu.Pin15=VP_OCTOSPI1_VS_quad
Mcu.Pin16=VP_SYS_VS_Systick
Mcu.Pin17=VP_TIM2_VS_ClockSourceINT
Mcu.Pin2=PB2
Mcu.Pin3=PB12
Mcu.Pin4=PD11
Mcu.Pin5=PG3
Mcu.Pin6=PC8
Mcu.Pin7=PA13(JTMS/SWDIO)
Mcu.Pin8=PA14(JTCK/SWCLK)
Mcu.Pin9=PC11
Mcu.PinsNb=18
Mcu.ThirdPartyNb=0
Mcu.UserConstants=
Mcu.UserName=STM32H723ZGTx
MxCube.Version=6.8.0
MxDb.Version=DB.6.0.80
NVIC.BusFault_IRQn=true\:0\:0\:false\:false\:true\:false\:false\:false
NVIC.DebugMonitor_IRQn=true\:0\:0\:false\:false\:true\:false\:false\:false
NVIC.ForceEnableDMAVector=true
NVIC.HardFault_IRQn=true\:0\:0\:false\:false\:true\:false\:false\:false
NVIC.MemoryManagement_IRQn=true\:0\:0\:false\:false\:true\:false\:false\:false
NVIC.NonMaskableInt_IRQn=true\:0\:0\:false\:false\:true\:false\:false\:false
NVIC.PendSV_IRQn=true\:0\:0\:false\:false\:true\:false\:false\:false
NVIC.PriorityGroup=NVIC_PRIORITYGROUP_4
NVIC.SVCall_IRQn=true\:0\:0\:false\:false\:true\:false\:false\:false
NVIC.SysTick_IRQn=true\:15\:0\:false\:false\:true\:false\:true\:false
NVIC.UsageFault_IRQn=true\:0\:0\:false\:false\:true\:false\:false\:false
OCTOSPI1.ChipSelectHighTime=5
OCTOSPI1.FifoThreshold=4
OCTOSPI1.IPParameters=SampleShifting,FifoThreshold,ChipSelectHighTime
OCTOSPI1.SampleShifting=HAL_OSPI_SAMPLE_SHIFTING_HALFCYCLE
PA13(JTMS/SWDIO).Mode=Serial_Wire
PA13(JTMS/SWDIO).Signal=DEBUG_JTMS-SWDIO
PA14(JTCK/SWCLK).Mode=Serial_Wire
PA14(JTCK/SWCLK).Signal=DEBUG_JTCK-SWCLK
PB12.Locked=true
PB12.Signal=GPIO_Output
PB2.Locked=true
PB2.Mode=O1_P1_CLK
PB2.Signal=OCTOSPIM_P1_CLK
PB4(NJTRST).GPIOParameters=GPIO_Label
PB4(NJTRST).GPIO_Label=LCD_TP_INT
PB4(NJTRST).Locked=true
PB4(NJTRST).Signal=GPIO_Input
PC11.Locked=true
PC11.Mode=OCTOSPI1_Port1_NCS
PC11.Signal=OCTOSPIM_P1_NCS
PC8.GPIOParameters=GPIO_Label
PC8.GPIO_Label=BTN
PC8.Locked=true
PC8.Signal=GPIO_Input
PD11.GPIOParameters=GPIO_Label
PD11.GPIO_Label=I2S_SD_MODE
PD11.Locked=true
PD11.Signal=GPIO_Output
PD4.Locked=true
PD4.Mode=OCTOSPI1_IOL_Port1H
PD4.Signal=OCTOSPIM_P1_IO4
PD5.Locked=true
PD5.Mode=OCTOSPI1_IOL_Port1H
PD5.Signal=OCTOSPIM_P1_IO5
PD6.Locked=true
PD6.Mode=OCTOSPI1_IOL_Port1H
PD6.Signal=OCTOSPIM_P1_IO6
PE4.Locked=true
PE4.Signal=GPIO_Output
PF6.Locked=true
PF6.Signal=GPIO_Output
PG14.Locked=true
PG14.Mode=OCTOSPI1_IOL_Port1H
PG14.Signal=OCTOSPIM_P1_IO7
PG3.GPIOParameters=GPIO_Label
PG3.GPIO_Label=LED
PG3.Locked=true
PG3.Signal=GPIO_Output
PinOutPanel.RotationAngle=0
ProjectManager.AskForMigrate=true
ProjectManager.BackupPrevious=false
ProjectManager.CompilerOptimize=6
ProjectManager.ComputerToolchain=false
ProjectManager.CoupleFile=true
ProjectManager.CustomerFirmwarePackage=
ProjectManager.DefaultFWLocation=true
ProjectManager.DeletePrevious=true
ProjectManager.DeviceId=STM32H723ZGTx
ProjectManager.FirmwarePackage=STM32Cube FW_H7 V1.11.0
ProjectManager.FreePins=false
ProjectManager.HalAssertFull=false
ProjectManager.HeapSize=0x200
ProjectManager.KeepUserCode=true
ProjectManager.LastFirmware=false
ProjectManager.LibraryCopy=1
ProjectManager.MainLocation=Core/Src
ProjectManager.NoMain=false
ProjectManager.PreviousToolchain=
ProjectManager.ProjectBuild=false
ProjectManager.ProjectFileName=stm32h7-gfx-ext-loader.ioc
ProjectManager.ProjectName=stm32h7-gfx-ext-loader
ProjectManager.ProjectStructure=
ProjectManager.RegisterCallBack=
ProjectManager.StackSize=0x400
ProjectManager.TargetToolchain=Makefile
ProjectManager.ToolChainLocation=
ProjectManager.UnderRoot=false
ProjectManager.functionlistsort=1-SystemClock_Config-RCC-false-HAL-false,2-MX_GPIO_Init-GPIO-false-HAL-true,3-MX_OCTOSPI1_Init-OCTOSPI1-false-HAL-true,4-MX_TIM2_Init-TIM2-false-HAL-true,0-MX_CORTEX_M7_Init-CORTEX_M7-false-HAL-true
RCC.ADCCLockSelection=RCC_ADCCLKSOURCE_PLL2
RCC.ADCFreq_Value=483555555.5555555
RCC.AHB12Freq_Value=64000000
RCC.AHB4Freq_Value=64000000
RCC.APB1Freq_Value=32000000
RCC.APB2Freq_Value=32000000
RCC.APB3Freq_Value=32000000
RCC.APB4Freq_Value=32000000
RCC.AXIClockFreq_Value=64000000
RCC.CECCLockSelection=RCC_CECCLKSOURCE_LSI
RCC.CECFreq_Value=32000
RCC.CKPERFreq_Value=64000000
RCC.CKPERSourceSelection=RCC_CLKPSOURCE_HSI
RCC.CSI_VALUE=4000000
RCC.CortexFreq_Value=64000000
RCC.Cortex_DivARG=SystemCoreClock/1000
RCC.CpuClockFreq_Value=64000000
RCC.D1CPREFreq_Value=64000000
RCC.D1PPRE=RCC_APB3_DIV2
RCC.D2PPRE1=RCC_APB1_DIV2
RCC.D2PPRE2=RCC_APB2_DIV2
RCC.D3PPRE=RCC_APB4_DIV2
RCC.DFSDMACLkFreq_Value=96000000
RCC.DFSDMCLockSelection=RCC_DFSDM1CLKSOURCE_D2PCLK1
RCC.DFSDMFreq_Value=32000000
RCC.DIVM1=4
RCC.DIVM2=6
RCC.DIVM3=1
RCC.DIVN1=12
RCC.DIVN2=136
RCC.DIVN3=4
RCC.DIVP1=1
RCC.DIVP1Freq_Value=192000000
RCC.DIVP2=3
RCC.DIVP2Freq_Value=483555555.5555555
RCC.DIVP3Freq_Value=128000000
RCC.DIVQ1Freq_Value=96000000
RCC.DIVQ2=4
RCC.DIVQ2Freq_Value=362666666.6666666
RCC.DIVQ3Freq_Value=128000000
RCC.DIVR1Freq_Value=96000000
RCC.DIVR2=3
RCC.DIVR2Freq_Value=483555555.5555555
RCC.DIVR3=6
RCC.DIVR3Freq_Value=42666666.666666664
RCC.EXTERNAL_CLOCK_VALUE=12288000
RCC.FDCANCLockSelection=RCC_FDCANCLKSOURCE_PLL
RCC.FDCANFreq_Value=96000000
RCC.FMCCLockSelection=RCC_FMCCLKSOURCE_PLL2
RCC.FMCFreq_Value=483555555.5555555
RCC.FamilyName=M
RCC.HCLK3ClockFreq_Value=64000000
RCC.HCLKFreq_Value=64000000
RCC.HSE_VALUE=25000000
RCC.HSI48_VALUE=48000000
RCC.HSI_VALUE=64000000
RCC.I2C123CLockSelection=RCC_I2C1235CLKSOURCE_D2PCLK1
RCC.I2C123Freq_Value=32000000
RCC.I2C4CLockSelection=RCC_I2C4CLKSOURCE_D3PCLK1
RCC.I2C4Freq_Value=32000000
RCC.IPParameters=ADCCLockSelection,ADCFreq_Value,AHB12Freq_Value,AHB4Freq_Value,APB1Freq_Value,APB2Freq_Value,APB3Freq_Value,APB4Freq_Value,AXIClockFreq_Value,CECCLockSelection,CECFreq_Value,CKPERFreq_Value,CKPERSourceSelection,CSI_VALUE,CortexFreq_Value,Cortex_DivARG,CpuClockFreq_Value,D1CPREFreq_Value,D1PPRE,D2PPRE1,D2PPRE2,D3PPRE,DFSDMACLkFreq_Value,DFSDMCLockSelection,DFSDMFreq_Value,DIVM1,DIVM2,DIVM3,DIVN1,DIVN2,DIVN3,DIVP1,DIVP1Freq_Value,DIVP2,DIVP2Freq_Value,DIVP3Freq_Value,DIVQ1Freq_Value,DIVQ2,DIVQ2Freq_Value,DIVQ3Freq_Value,DIVR1Freq_Value,DIVR2,DIVR2Freq_Value,DIVR3,DIVR3Freq_Value,EXTERNAL_CLOCK_VALUE,FDCANCLockSelection,FDCANFreq_Value,FMCCLockSelection,FMCFreq_Value,FamilyName,HCLK3ClockFreq_Value,HCLKFreq_Value,HSE_VALUE,HSI48_VALUE,HSI_VALUE,I2C123CLockSelection,I2C123Freq_Value,I2C4CLockSelection,I2C4Freq_Value,LPTIM1CLockSelection,LPTIM1Freq_Value,LPTIM2CLockSelection,LPTIM2Freq_Value,LPTIM345CLockSelection,LPTIM345Freq_Value,LPUART1CLockSelection,LPUART1Freq_Value,LSI_VALUE,LTDCFreq_Value,MCO1PinFreq_Value,MCO2PinFreq_Value,PLL2FRACN,PLL2_VCO_SEL-AdvancedSettings,PLL3FRACN,PLL3_VCO_SEL-AdvancedSettings,PLLFRACN,QSPICLockSelection,QSPIFreq_Value,RCC_MCO1Source,RCC_MCO2Source,RNGCLockSelection,RNGFreq_Value,RTCClockSelection,RTCFreq_Value,SAI1CLockSelection,SAI1Freq_Value,SAI4ACLockSelection,SAI4AFreq_Value,SAI4BCLockSelection,SAI4BFreq_Value,SDMMC1CLockSelection,SDMMCFreq_Value,SPDIFCLockSelection,SPDIFRXFreq_Value,SPI123Freq_Value,SPI45Freq_Value,SPI6CLockSelection,SPI6Freq_Value,SWPCLockSelection,SWPMI1Freq_Value,SYSCLKFreq_VALUE,Spi45ClockSelection,Tim1OutputFreq_Value,Tim2OutputFreq_Value,TraceFreq_Value,USART16CLockSelection,USART16Freq_Value,USART234578CLockSelection,USART234578Freq_Value,USBCLockSelection,USBFreq_Value,VCO1OutputFreq_Value,VCO2OutputFreq_Value,VCO3OutputFreq_Value,VCOInput1Freq_Value,VCOInput2Freq_Value,VCOInput3Freq_Value,WatchDogFreq_Value
RCC.LPTIM1CLockSelection=RCC_LPTIM1CLKSOURCE_D2PCLK1
RCC.LPTIM1Freq_Value=32000000
RCC.LPTIM2CLockSelection=RCC_LPTIM2CLKSOURCE_D3PCLK1
RCC.LPTIM2Freq_Value=32000000
RCC.LPTIM345CLockSelection=RCC_LPTIM345CLKSOURCE_D3PCLK1
RCC.LPTIM345Freq_Value=32000000
RCC.LPUART1CLockSelection=RCC_LPUART1CLKSOURCE_D3PCLK1
RCC.LPUART1Freq_Value=32000000
RCC.LSI_VALUE=32000
RCC.LTDCFreq_Value=42666666.666666664
RCC.MCO1PinFreq_Value=64000000
RCC.MCO2PinFreq_Value=550000000
RCC.PLL2FRACN=0
RCC.PLL2_VCO_SEL-AdvancedSettings=RCC_PLL2VCOMEDIUM
RCC.PLL3FRACN=0
RCC.PLL3_VCO_SEL-AdvancedSettings=RCC_PLL3VCOMEDIUM
RCC.PLLFRACN=0
RCC.QSPICLockSelection=RCC_OSPICLKSOURCE_PLL
RCC.QSPIFreq_Value=96000000
RCC.RCC_MCO1Source=RCC_MCO1SOURCE_HSI
RCC.RCC_MCO2Source=RCC_MCO2SOURCE_SYSCLK
RCC.RNGCLockSelection=RCC_RNGCLKSOURCE_HSI48
RCC.RNGFreq_Value=48000000
RCC.RTCClockSelection=RCC_RTCCLKSOURCE_LSE
RCC.RTCFreq_Value=32768
RCC.SAI1CLockSelection=RCC_SAI1CLKSOURCE_PLL
RCC.SAI1Freq_Value=96000000
RCC.SAI4ACLockSelection=RCC_SAI4ACLKSOURCE_PLL
RCC.SAI4AFreq_Value=96000000
RCC.SAI4BCLockSelection=RCC_SAI4BCLKSOURCE_PLL
RCC.SAI4BFreq_Value=96000000
RCC.SDMMC1CLockSelection=RCC_SDMMCCLKSOURCE_PLL2
RCC.SDMMCFreq_Value=483555555.5555555
RCC.SPDIFCLockSelection=RCC_SPDIFRXCLKSOURCE_PLL
RCC.SPDIFRXFreq_Value=96000000
RCC.SPI123Freq_Value=96000000
RCC.SPI45Freq_Value=32000000
RCC.SPI6CLockSelection=RCC_SPI6CLKSOURCE_D3PCLK1
RCC.SPI6Freq_Value=32000000
RCC.SWPCLockSelection=RCC_SWPMI1CLKSOURCE_D2PCLK1
RCC.SWPMI1Freq_Value=32000000
RCC.SYSCLKFreq_VALUE=64000000
RCC.Spi45ClockSelection=RCC_SPI45CLKSOURCE_D2PCLK1
RCC.Tim1OutputFreq_Value=64000000
RCC.Tim2OutputFreq_Value=64000000
RCC.TraceFreq_Value=64000000
RCC.USART16CLockSelection=RCC_USART16910CLKSOURCE_D2PCLK2
RCC.USART16Freq_Value=32000000
RCC.USART234578CLockSelection=RCC_USART234578CLKSOURCE_D2PCLK1
RCC.USART234578Freq_Value=32000000
RCC.USBCLockSelection=RCC_USBCLKSOURCE_HSI48
RCC.USBFreq_Value=48000000
RCC.VCO1OutputFreq_Value=192000000
RCC.VCO2OutputFreq_Value=1450666666.6666665
RCC.VCO3OutputFreq_Value=256000000
RCC.VCOInput1Freq_Value=16000000
RCC.VCOInput2Freq_Value=10666666.666666666
RCC.VCOInput3Freq_Value=64000000
RCC.WatchDogFreq_Value=32000
VP_OCTOSPI1_VS_quad.Mode=quad_mode
VP_OCTOSPI1_VS_quad.Signal=OCTOSPI1_VS_quad
VP_SYS_VS_Systick.Mode=SysTick
VP_SYS_VS_Systick.Signal=SYS_VS_Systick
VP_TIM2_VS_ClockSourceINT.Mode=Internal
VP_TIM2_VS_ClockSourceINT.Signal=TIM2_VS_ClockSourceINT
board=custom
